// !$*UTF8*$!
{
	archiveVersion = 1;
	classes = {
	};
	objectVersion = 46;
	objects = {

/* Begin PBXBuildFile section */
		07D1618B1C3B8FC500EEFC9F /* AppDelegate.swift in Sources */ = {isa = PBXBuildFile; fileRef = 07D1618A1C3B8FC500EEFC9F /* AppDelegate.swift */; };
		07D1618D1C3B8FC500EEFC9F /* ViewController.swift in Sources */ = {isa = PBXBuildFile; fileRef = 07D1618C1C3B8FC500EEFC9F /* ViewController.swift */; };
		07D161901C3B8FC500EEFC9F /* Main.storyboard in Resources */ = {isa = PBXBuildFile; fileRef = 07D1618E1C3B8FC500EEFC9F /* Main.storyboard */; };
		07D161921C3B8FC500EEFC9F /* Assets.xcassets in Resources */ = {isa = PBXBuildFile; fileRef = 07D161911C3B8FC500EEFC9F /* Assets.xcassets */; };
		07D161951C3B8FC500EEFC9F /* LaunchScreen.storyboard in Resources */ = {isa = PBXBuildFile; fileRef = 07D161931C3B8FC500EEFC9F /* LaunchScreen.storyboard */; };
		07D161A01C3B8FC500EEFC9F /* YiZe_DigitalMallTests.swift in Sources */ = {isa = PBXBuildFile; fileRef = 07D1619F1C3B8FC500EEFC9F /* YiZe_DigitalMallTests.swift */; };
		07E276AA1C3B9CCB001DDC1A /* UserInfo.swift in Sources */ = {isa = PBXBuildFile; fileRef = 07E276A91C3B9CCB001DDC1A /* UserInfo.swift */; };
		07F35A8E1C3BAAE30054D5D2 /* GoodsInfo.swift in Sources */ = {isa = PBXBuildFile; fileRef = 07F35A8D1C3BAAE30054D5D2 /* GoodsInfo.swift */; };
		07F35A901C3BAE0D0054D5D2 /* GoodsCategory.swift in Sources */ = {isa = PBXBuildFile; fileRef = 07F35A8F1C3BAE0D0054D5D2 /* GoodsCategory.swift */; };
		07F35A931C3C95430054D5D2 /* Home.storyboard in Resources */ = {isa = PBXBuildFile; fileRef = 07F35A921C3C95430054D5D2 /* Home.storyboard */; };
		07F35A951C3C96760054D5D2 /* UserInfo.storyboard in Resources */ = {isa = PBXBuildFile; fileRef = 07F35A941C3C96760054D5D2 /* UserInfo.storyboard */; };
		07F35A9A1C3CA3FF0054D5D2 /* Search.storyboard in Resources */ = {isa = PBXBuildFile; fileRef = 07F35A991C3CA3FF0054D5D2 /* Search.storyboard */; };
		07F35A9C1C3CA9980054D5D2 /* HomeViewController.swift in Sources */ = {isa = PBXBuildFile; fileRef = 07F35A9B1C3CA9980054D5D2 /* HomeViewController.swift */; };
		07F35A9E1C3CA9EF0054D5D2 /* HomeTableViewController.swift in Sources */ = {isa = PBXBuildFile; fileRef = 07F35A9D1C3CA9EF0054D5D2 /* HomeTableViewController.swift */; };
		07F35B381C3CD06C0054D5D2 /* MKButton.swift in Sources */ = {isa = PBXBuildFile; fileRef = 07F35B311C3CD06C0054D5D2 /* MKButton.swift */; };
		07F35B391C3CD06C0054D5D2 /* MKColor.swift in Sources */ = {isa = PBXBuildFile; fileRef = 07F35B321C3CD06C0054D5D2 /* MKColor.swift */; };
		07F35B3A1C3CD06C0054D5D2 /* MKImageView.swift in Sources */ = {isa = PBXBuildFile; fileRef = 07F35B331C3CD06C0054D5D2 /* MKImageView.swift */; };
		07F35B3B1C3CD06C0054D5D2 /* MKLabel.swift in Sources */ = {isa = PBXBuildFile; fileRef = 07F35B341C3CD06C0054D5D2 /* MKLabel.swift */; };
		07F35B3C1C3CD06C0054D5D2 /* MKLayer.swift in Sources */ = {isa = PBXBuildFile; fileRef = 07F35B351C3CD06C0054D5D2 /* MKLayer.swift */; };
		07F35B3D1C3CD06C0054D5D2 /* MKTableViewCell.swift in Sources */ = {isa = PBXBuildFile; fileRef = 07F35B361C3CD06C0054D5D2 /* MKTableViewCell.swift */; };
		07F35B3E1C3CD06C0054D5D2 /* MKTextField.swift in Sources */ = {isa = PBXBuildFile; fileRef = 07F35B371C3CD06C0054D5D2 /* MKTextField.swift */; };
		07F35B591C3CD41C0054D5D2 /* MJRefresh.bundle in Resources */ = {isa = PBXBuildFile; fileRef = 07F35B411C3CD41B0054D5D2 /* MJRefresh.bundle */; };
		07F35B5A1C3CD41C0054D5D2 /* MJRefreshComponent.m in Sources */ = {isa = PBXBuildFile; fileRef = 07F35B441C3CD41B0054D5D2 /* MJRefreshComponent.m */; };
		07F35B5B1C3CD41C0054D5D2 /* MJRefreshConst.m in Sources */ = {isa = PBXBuildFile; fileRef = 07F35B461C3CD41B0054D5D2 /* MJRefreshConst.m */; };
		07F35B5C1C3CD41C0054D5D2 /* MJRefreshFooter.m in Sources */ = {isa = PBXBuildFile; fileRef = 07F35B481C3CD41B0054D5D2 /* MJRefreshFooter.m */; };
		07F35B5D1C3CD41C0054D5D2 /* MJRefreshGifFooter.m in Sources */ = {isa = PBXBuildFile; fileRef = 07F35B4A1C3CD41B0054D5D2 /* MJRefreshGifFooter.m */; };
		07F35B5E1C3CD41C0054D5D2 /* MJRefreshGifHeader.m in Sources */ = {isa = PBXBuildFile; fileRef = 07F35B4C1C3CD41B0054D5D2 /* MJRefreshGifHeader.m */; };
		07F35B5F1C3CD41C0054D5D2 /* MJRefreshHeader.m in Sources */ = {isa = PBXBuildFile; fileRef = 07F35B4E1C3CD41B0054D5D2 /* MJRefreshHeader.m */; };
		07F35B601C3CD41C0054D5D2 /* MJRefreshLegendFooter.m in Sources */ = {isa = PBXBuildFile; fileRef = 07F35B501C3CD41B0054D5D2 /* MJRefreshLegendFooter.m */; };
		07F35B611C3CD41C0054D5D2 /* MJRefreshLegendHeader.m in Sources */ = {isa = PBXBuildFile; fileRef = 07F35B521C3CD41B0054D5D2 /* MJRefreshLegendHeader.m */; };
		07F35B621C3CD41C0054D5D2 /* UIScrollView+MJExtension.m in Sources */ = {isa = PBXBuildFile; fileRef = 07F35B541C3CD41B0054D5D2 /* UIScrollView+MJExtension.m */; };
		07F35B631C3CD41C0054D5D2 /* UIScrollView+MJRefresh.m in Sources */ = {isa = PBXBuildFile; fileRef = 07F35B561C3CD41C0054D5D2 /* UIScrollView+MJRefresh.m */; };
		07F35B641C3CD41C0054D5D2 /* UIView+MJExtension.m in Sources */ = {isa = PBXBuildFile; fileRef = 07F35B581C3CD41C0054D5D2 /* UIView+MJExtension.m */; };
/* End PBXBuildFile section */

/* Begin PBXContainerItemProxy section */
		07D1619C1C3B8FC500EEFC9F /* PBXContainerItemProxy */ = {
			isa = PBXContainerItemProxy;
			containerPortal = 07D1617F1C3B8FC500EEFC9F /* Project object */;
			proxyType = 1;
			remoteGlobalIDString = 07D161861C3B8FC500EEFC9F;
			remoteInfo = YiZe_DigitalMall;
		};
/* End PBXContainerItemProxy section */

/* Begin PBXFileReference section */
		07D161871C3B8FC500EEFC9F /* 易泽数码商城.app */ = {isa = PBXFileReference; explicitFileType = wrapper.application; includeInIndex = 0; path = "易泽数码商城.app"; sourceTree = BUILT_PRODUCTS_DIR; };
		07D1618A1C3B8FC500EEFC9F /* AppDelegate.swift */ = {isa = PBXFileReference; lastKnownFileType = sourcecode.swift; path = AppDelegate.swift; sourceTree = "<group>"; };
		07D1618C1C3B8FC500EEFC9F /* ViewController.swift */ = {isa = PBXFileReference; lastKnownFileType = sourcecode.swift; path = ViewController.swift; sourceTree = "<group>"; };
		07D1618F1C3B8FC500EEFC9F /* Base */ = {isa = PBXFileReference; lastKnownFileType = file.storyboard; name = Base; path = Base.lproj/Main.storyboard; sourceTree = "<group>"; };
		07D161911C3B8FC500EEFC9F /* Assets.xcassets */ = {isa = PBXFileReference; lastKnownFileType = folder.assetcatalog; path = Assets.xcassets; sourceTree = "<group>"; };
		07D161941C3B8FC500EEFC9F /* Base */ = {isa = PBXFileReference; lastKnownFileType = file.storyboard; name = Base; path = Base.lproj/LaunchScreen.storyboard; sourceTree = "<group>"; };
		07D161961C3B8FC500EEFC9F /* Info.plist */ = {isa = PBXFileReference; lastKnownFileType = text.plist.xml; path = Info.plist; sourceTree = "<group>"; };
		07D1619B1C3B8FC500EEFC9F /* YiZe_DigitalMallTests.xctest */ = {isa = PBXFileReference; explicitFileType = wrapper.cfbundle; includeInIndex = 0; path = YiZe_DigitalMallTests.xctest; sourceTree = BUILT_PRODUCTS_DIR; };
		07D1619F1C3B8FC500EEFC9F /* YiZe_DigitalMallTests.swift */ = {isa = PBXFileReference; lastKnownFileType = sourcecode.swift; path = YiZe_DigitalMallTests.swift; sourceTree = "<group>"; };
		07D161A11C3B8FC500EEFC9F /* Info.plist */ = {isa = PBXFileReference; lastKnownFileType = text.plist.xml; path = Info.plist; sourceTree = "<group>"; };
		07E276A91C3B9CCB001DDC1A /* UserInfo.swift */ = {isa = PBXFileReference; fileEncoding = 4; lastKnownFileType = sourcecode.swift; path = UserInfo.swift; sourceTree = "<group>"; };
		07F35A8D1C3BAAE30054D5D2 /* GoodsInfo.swift */ = {isa = PBXFileReference; fileEncoding = 4; lastKnownFileType = sourcecode.swift; path = GoodsInfo.swift; sourceTree = "<group>"; };
		07F35A8F1C3BAE0D0054D5D2 /* GoodsCategory.swift */ = {isa = PBXFileReference; fileEncoding = 4; lastKnownFileType = sourcecode.swift; path = GoodsCategory.swift; sourceTree = "<group>"; };
		07F35A921C3C95430054D5D2 /* Home.storyboard */ = {isa = PBXFileReference; fileEncoding = 4; lastKnownFileType = file.storyboard; path = Home.storyboard; sourceTree = "<group>"; };
		07F35A941C3C96760054D5D2 /* UserInfo.storyboard */ = {isa = PBXFileReference; fileEncoding = 4; lastKnownFileType = file.storyboard; path = UserInfo.storyboard; sourceTree = "<group>"; };
		07F35A991C3CA3FF0054D5D2 /* Search.storyboard */ = {isa = PBXFileReference; fileEncoding = 4; lastKnownFileType = file.storyboard; path = Search.storyboard; sourceTree = "<group>"; };
		07F35A9B1C3CA9980054D5D2 /* HomeViewController.swift */ = {isa = PBXFileReference; fileEncoding = 4; lastKnownFileType = sourcecode.swift; path = HomeViewController.swift; sourceTree = "<group>"; };
		07F35A9D1C3CA9EF0054D5D2 /* HomeTableViewController.swift */ = {isa = PBXFileReference; fileEncoding = 4; lastKnownFileType = sourcecode.swift; path = HomeTableViewController.swift; sourceTree = "<group>"; };
		07F35B301C3CD06C0054D5D2 /* bridging.h */ = {isa = PBXFileReference; fileEncoding = 4; lastKnownFileType = sourcecode.c.h; path = bridging.h; sourceTree = "<group>"; };
		07F35B311C3CD06C0054D5D2 /* MKButton.swift */ = {isa = PBXFileReference; fileEncoding = 4; lastKnownFileType = sourcecode.swift; path = MKButton.swift; sourceTree = "<group>"; };
		07F35B321C3CD06C0054D5D2 /* MKColor.swift */ = {isa = PBXFileReference; fileEncoding = 4; lastKnownFileType = sourcecode.swift; path = MKColor.swift; sourceTree = "<group>"; };
		07F35B331C3CD06C0054D5D2 /* MKImageView.swift */ = {isa = PBXFileReference; fileEncoding = 4; lastKnownFileType = sourcecode.swift; path = MKImageView.swift; sourceTree = "<group>"; };
		07F35B341C3CD06C0054D5D2 /* MKLabel.swift */ = {isa = PBXFileReference; fileEncoding = 4; lastKnownFileType = sourcecode.swift; path = MKLabel.swift; sourceTree = "<group>"; };
		07F35B351C3CD06C0054D5D2 /* MKLayer.swift */ = {isa = PBXFileReference; fileEncoding = 4; lastKnownFileType = sourcecode.swift; path = MKLayer.swift; sourceTree = "<group>"; };
		07F35B361C3CD06C0054D5D2 /* MKTableViewCell.swift */ = {isa = PBXFileReference; fileEncoding = 4; lastKnownFileType = sourcecode.swift; path = MKTableViewCell.swift; sourceTree = "<group>"; };
		07F35B371C3CD06C0054D5D2 /* MKTextField.swift */ = {isa = PBXFileReference; fileEncoding = 4; lastKnownFileType = sourcecode.swift; path = MKTextField.swift; sourceTree = "<group>"; };
		07F35B3F1C3CD0920054D5D2 /* bridging.h */ = {isa = PBXFileReference; lastKnownFileType = sourcecode.c.h; path = bridging.h; sourceTree = "<group>"; };
		07F35B411C3CD41B0054D5D2 /* MJRefresh.bundle */ = {isa = PBXFileReference; lastKnownFileType = "wrapper.plug-in"; path = MJRefresh.bundle; sourceTree = "<group>"; };
		07F35B421C3CD41B0054D5D2 /* MJRefresh.h */ = {isa = PBXFileReference; fileEncoding = 4; lastKnownFileType = sourcecode.c.h; path = MJRefresh.h; sourceTree = "<group>"; };
		07F35B431C3CD41B0054D5D2 /* MJRefreshComponent.h */ = {isa = PBXFileReference; fileEncoding = 4; lastKnownFileType = sourcecode.c.h; path = MJRefreshComponent.h; sourceTree = "<group>"; };
		07F35B441C3CD41B0054D5D2 /* MJRefreshComponent.m */ = {isa = PBXFileReference; fileEncoding = 4; lastKnownFileType = sourcecode.c.objc; path = MJRefreshComponent.m; sourceTree = "<group>"; };
		07F35B451C3CD41B0054D5D2 /* MJRefreshConst.h */ = {isa = PBXFileReference; fileEncoding = 4; lastKnownFileType = sourcecode.c.h; path = MJRefreshConst.h; sourceTree = "<group>"; };
		07F35B461C3CD41B0054D5D2 /* MJRefreshConst.m */ = {isa = PBXFileReference; fileEncoding = 4; lastKnownFileType = sourcecode.c.objc; path = MJRefreshConst.m; sourceTree = "<group>"; };
		07F35B471C3CD41B0054D5D2 /* MJRefreshFooter.h */ = {isa = PBXFileReference; fileEncoding = 4; lastKnownFileType = sourcecode.c.h; path = MJRefreshFooter.h; sourceTree = "<group>"; };
		07F35B481C3CD41B0054D5D2 /* MJRefreshFooter.m */ = {isa = PBXFileReference; fileEncoding = 4; lastKnownFileType = sourcecode.c.objc; path = MJRefreshFooter.m; sourceTree = "<group>"; };
		07F35B491C3CD41B0054D5D2 /* MJRefreshGifFooter.h */ = {isa = PBXFileReference; fileEncoding = 4; lastKnownFileType = sourcecode.c.h; path = MJRefreshGifFooter.h; sourceTree = "<group>"; };
		07F35B4A1C3CD41B0054D5D2 /* MJRefreshGifFooter.m */ = {isa = PBXFileReference; fileEncoding = 4; lastKnownFileType = sourcecode.c.objc; path = MJRefreshGifFooter.m; sourceTree = "<group>"; };
		07F35B4B1C3CD41B0054D5D2 /* MJRefreshGifHeader.h */ = {isa = PBXFileReference; fileEncoding = 4; lastKnownFileType = sourcecode.c.h; path = MJRefreshGifHeader.h; sourceTree = "<group>"; };
		07F35B4C1C3CD41B0054D5D2 /* MJRefreshGifHeader.m */ = {isa = PBXFileReference; fileEncoding = 4; lastKnownFileType = sourcecode.c.objc; path = MJRefreshGifHeader.m; sourceTree = "<group>"; };
		07F35B4D1C3CD41B0054D5D2 /* MJRefreshHeader.h */ = {isa = PBXFileReference; fileEncoding = 4; lastKnownFileType = sourcecode.c.h; path = MJRefreshHeader.h; sourceTree = "<group>"; };
		07F35B4E1C3CD41B0054D5D2 /* MJRefreshHeader.m */ = {isa = PBXFileReference; fileEncoding = 4; lastKnownFileType = sourcecode.c.objc; path = MJRefreshHeader.m; sourceTree = "<group>"; };
		07F35B4F1C3CD41B0054D5D2 /* MJRefreshLegendFooter.h */ = {isa = PBXFileReference; fileEncoding = 4; lastKnownFileType = sourcecode.c.h; path = MJRefreshLegendFooter.h; sourceTree = "<group>"; };
		07F35B501C3CD41B0054D5D2 /* MJRefreshLegendFooter.m */ = {isa = PBXFileReference; fileEncoding = 4; lastKnownFileType = sourcecode.c.objc; path = MJRefreshLegendFooter.m; sourceTree = "<group>"; };
		07F35B511C3CD41B0054D5D2 /* MJRefreshLegendHeader.h */ = {isa = PBXFileReference; fileEncoding = 4; lastKnownFileType = sourcecode.c.h; path = MJRefreshLegendHeader.h; sourceTree = "<group>"; };
		07F35B521C3CD41B0054D5D2 /* MJRefreshLegendHeader.m */ = {isa = PBXFileReference; fileEncoding = 4; lastKnownFileType = sourcecode.c.objc; path = MJRefreshLegendHeader.m; sourceTree = "<group>"; };
		07F35B531C3CD41B0054D5D2 /* UIScrollView+MJExtension.h */ = {isa = PBXFileReference; fileEncoding = 4; lastKnownFileType = sourcecode.c.h; path = "UIScrollView+MJExtension.h"; sourceTree = "<group>"; };
		07F35B541C3CD41B0054D5D2 /* UIScrollView+MJExtension.m */ = {isa = PBXFileReference; fileEncoding = 4; lastKnownFileType = sourcecode.c.objc; path = "UIScrollView+MJExtension.m"; sourceTree = "<group>"; };
		07F35B551C3CD41B0054D5D2 /* UIScrollView+MJRefresh.h */ = {isa = PBXFileReference; fileEncoding = 4; lastKnownFileType = sourcecode.c.h; path = "UIScrollView+MJRefresh.h"; sourceTree = "<group>"; };
		07F35B561C3CD41C0054D5D2 /* UIScrollView+MJRefresh.m */ = {isa = PBXFileReference; fileEncoding = 4; lastKnownFileType = sourcecode.c.objc; path = "UIScrollView+MJRefresh.m"; sourceTree = "<group>"; };
		07F35B571C3CD41C0054D5D2 /* UIView+MJExtension.h */ = {isa = PBXFileReference; fileEncoding = 4; lastKnownFileType = sourcecode.c.h; path = "UIView+MJExtension.h"; sourceTree = "<group>"; };
		07F35B581C3CD41C0054D5D2 /* UIView+MJExtension.m */ = {isa = PBXFileReference; fileEncoding = 4; lastKnownFileType = sourcecode.c.objc; path = "UIView+MJExtension.m"; sourceTree = "<group>"; };
/* End PBXFileReference section */

/* Begin PBXFrameworksBuildPhase section */
		07D161841C3B8FC500EEFC9F /* Frameworks */ = {
			isa = PBXFrameworksBuildPhase;
			buildActionMask = 2147483647;
			files = (
			);
			runOnlyForDeploymentPostprocessing = 0;
		};
		07D161981C3B8FC500EEFC9F /* Frameworks */ = {
			isa = PBXFrameworksBuildPhase;
			buildActionMask = 2147483647;
			files = (
			);
			runOnlyForDeploymentPostprocessing = 0;
		};
/* End PBXFrameworksBuildPhase section */

/* Begin PBXGroup section */
		07D1617E1C3B8FC500EEFC9F = {
			isa = PBXGroup;
			children = (
				07F35B401C3CD41B0054D5D2 /* MJRefresh */,
				07F35B2F1C3CD06C0054D5D2 /* MaterialKit */,
				07D161891C3B8FC500EEFC9F /* YiZe_DigitalMall */,
				07D1619E1C3B8FC500EEFC9F /* YiZe_DigitalMallTests */,
				07D161881C3B8FC500EEFC9F /* Products */,
			);
			sourceTree = "<group>";
		};
		07D161881C3B8FC500EEFC9F /* Products */ = {
			isa = PBXGroup;
			children = (
				07D161871C3B8FC500EEFC9F /* 易泽数码商城.app */,
				07D1619B1C3B8FC500EEFC9F /* YiZe_DigitalMallTests.xctest */,
			);
			name = Products;
			sourceTree = "<group>";
		};
		07D161891C3B8FC500EEFC9F /* YiZe_DigitalMall */ = {
			isa = PBXGroup;
			children = (
				07D161AE1C3B92DB00EEFC9F /* NetMethod */,
				07D161AD1C3B92CB00EEFC9F /* Protocal */,
				07D161AA1C3B928D00EEFC9F /* Model */,
				07D161AB1C3B92AB00EEFC9F /* View */,
				07D161AC1C3B92B600EEFC9F /* Controller */,
				07F35A911C3C945A0054D5D2 /* Storyboard */,
				07D1618A1C3B8FC500EEFC9F /* AppDelegate.swift */,
				07D1618C1C3B8FC500EEFC9F /* ViewController.swift */,
				07F35B3F1C3CD0920054D5D2 /* bridging.h */,
				07D161911C3B8FC500EEFC9F /* Assets.xcassets */,
				07D161931C3B8FC500EEFC9F /* LaunchScreen.storyboard */,
				07D161961C3B8FC500EEFC9F /* Info.plist */,
			);
			path = YiZe_DigitalMall;
			sourceTree = "<group>";
		};
		07D1619E1C3B8FC500EEFC9F /* YiZe_DigitalMallTests */ = {
			isa = PBXGroup;
			children = (
				07D1619F1C3B8FC500EEFC9F /* YiZe_DigitalMallTests.swift */,
				07D161A11C3B8FC500EEFC9F /* Info.plist */,
			);
			path = YiZe_DigitalMallTests;
			sourceTree = "<group>";
		};
		07D161AA1C3B928D00EEFC9F /* Model */ = {
			isa = PBXGroup;
			children = (
				07E276A91C3B9CCB001DDC1A /* UserInfo.swift */,
				07F35A8D1C3BAAE30054D5D2 /* GoodsInfo.swift */,
				07F35A8F1C3BAE0D0054D5D2 /* GoodsCategory.swift */,
			);
			name = Model;
			sourceTree = "<group>";
		};
		07D161AB1C3B92AB00EEFC9F /* View */ = {
			isa = PBXGroup;
			children = (
			);
			name = View;
			sourceTree = "<group>";
		};
		07D161AC1C3B92B600EEFC9F /* Controller */ = {
			isa = PBXGroup;
			children = (
				07F35A9B1C3CA9980054D5D2 /* HomeViewController.swift */,
				07F35A9D1C3CA9EF0054D5D2 /* HomeTableViewController.swift */,
			);
			name = Controller;
			sourceTree = "<group>";
		};
		07D161AD1C3B92CB00EEFC9F /* Protocal */ = {
			isa = PBXGroup;
			children = (
			);
			name = Protocal;
			sourceTree = "<group>";
		};
		07D161AE1C3B92DB00EEFC9F /* NetMethod */ = {
			isa = PBXGroup;
			children = (
			);
			name = NetMethod;
			sourceTree = "<group>";
		};
		07F35A911C3C945A0054D5D2 /* Storyboard */ = {
			isa = PBXGroup;
			children = (
				07D1618E1C3B8FC500EEFC9F /* Main.storyboard */,
				07F35A921C3C95430054D5D2 /* Home.storyboard */,
				07F35A941C3C96760054D5D2 /* UserInfo.storyboard */,
				07F35A991C3CA3FF0054D5D2 /* Search.storyboard */,
			);
			name = Storyboard;
			sourceTree = "<group>";
		};
		07F35B2F1C3CD06C0054D5D2 /* MaterialKit */ = {
			isa = PBXGroup;
			children = (
				07F35B301C3CD06C0054D5D2 /* bridging.h */,
				07F35B311C3CD06C0054D5D2 /* MKButton.swift */,
				07F35B321C3CD06C0054D5D2 /* MKColor.swift */,
				07F35B331C3CD06C0054D5D2 /* MKImageView.swift */,
				07F35B341C3CD06C0054D5D2 /* MKLabel.swift */,
				07F35B351C3CD06C0054D5D2 /* MKLayer.swift */,
				07F35B361C3CD06C0054D5D2 /* MKTableViewCell.swift */,
				07F35B371C3CD06C0054D5D2 /* MKTextField.swift */,
			);
			path = MaterialKit;
			sourceTree = "<group>";
		};
		07F35B401C3CD41B0054D5D2 /* MJRefresh */ = {
			isa = PBXGroup;
			children = (
				07F35B411C3CD41B0054D5D2 /* MJRefresh.bundle */,
				07F35B421C3CD41B0054D5D2 /* MJRefresh.h */,
				07F35B431C3CD41B0054D5D2 /* MJRefreshComponent.h */,
				07F35B441C3CD41B0054D5D2 /* MJRefreshComponent.m */,
				07F35B451C3CD41B0054D5D2 /* MJRefreshConst.h */,
				07F35B461C3CD41B0054D5D2 /* MJRefreshConst.m */,
				07F35B471C3CD41B0054D5D2 /* MJRefreshFooter.h */,
				07F35B481C3CD41B0054D5D2 /* MJRefreshFooter.m */,
				07F35B491C3CD41B0054D5D2 /* MJRefreshGifFooter.h */,
				07F35B4A1C3CD41B0054D5D2 /* MJRefreshGifFooter.m */,
				07F35B4B1C3CD41B0054D5D2 /* MJRefreshGifHeader.h */,
				07F35B4C1C3CD41B0054D5D2 /* MJRefreshGifHeader.m */,
				07F35B4D1C3CD41B0054D5D2 /* MJRefreshHeader.h */,
				07F35B4E1C3CD41B0054D5D2 /* MJRefreshHeader.m */,
				07F35B4F1C3CD41B0054D5D2 /* MJRefreshLegendFooter.h */,
				07F35B501C3CD41B0054D5D2 /* MJRefreshLegendFooter.m */,
				07F35B511C3CD41B0054D5D2 /* MJRefreshLegendHeader.h */,
				07F35B521C3CD41B0054D5D2 /* MJRefreshLegendHeader.m */,
				07F35B531C3CD41B0054D5D2 /* UIScrollView+MJExtension.h */,
				07F35B541C3CD41B0054D5D2 /* UIScrollView+MJExtension.m */,
				07F35B551C3CD41B0054D5D2 /* UIScrollView+MJRefresh.h */,
				07F35B561C3CD41C0054D5D2 /* UIScrollView+MJRefresh.m */,
				07F35B571C3CD41C0054D5D2 /* UIView+MJExtension.h */,
				07F35B581C3CD41C0054D5D2 /* UIView+MJExtension.m */,
			);
			path = MJRefresh;
			sourceTree = "<group>";
		};
/* End PBXGroup section */

/* Begin PBXNativeTarget section */
		07D161861C3B8FC500EEFC9F /* YiZe_DigitalMall */ = {
			isa = PBXNativeTarget;
			buildConfigurationList = 07D161A41C3B8FC500EEFC9F /* Build configuration list for PBXNativeTarget "YiZe_DigitalMall" */;
			buildPhases = (
				07D161831C3B8FC500EEFC9F /* Sources */,
				07D161841C3B8FC500EEFC9F /* Frameworks */,
				07D161851C3B8FC500EEFC9F /* Resources */,
			);
			buildRules = (
			);
			dependencies = (
			);
			name = YiZe_DigitalMall;
			productName = YiZe_DigitalMall;
			productReference = 07D161871C3B8FC500EEFC9F /* 易泽数码商城.app */;
			productType = "com.apple.product-type.application";
		};
		07D1619A1C3B8FC500EEFC9F /* YiZe_DigitalMallTests */ = {
			isa = PBXNativeTarget;
			buildConfigurationList = 07D161A71C3B8FC500EEFC9F /* Build configuration list for PBXNativeTarget "YiZe_DigitalMallTests" */;
			buildPhases = (
				07D161971C3B8FC500EEFC9F /* Sources */,
				07D161981C3B8FC500EEFC9F /* Frameworks */,
				07D161991C3B8FC500EEFC9F /* Resources */,
			);
			buildRules = (
			);
			dependencies = (
				07D1619D1C3B8FC500EEFC9F /* PBXTargetDependency */,
			);
			name = YiZe_DigitalMallTests;
			productName = YiZe_DigitalMallTests;
			productReference = 07D1619B1C3B8FC500EEFC9F /* YiZe_DigitalMallTests.xctest */;
			productType = "com.apple.product-type.bundle.unit-test";
		};
/* End PBXNativeTarget section */

/* Begin PBXProject section */
		07D1617F1C3B8FC500EEFC9F /* Project object */ = {
			isa = PBXProject;
			attributes = {
				LastSwiftUpdateCheck = 0710;
				LastUpgradeCheck = 0710;
				ORGANIZATIONNAME = dmqlMAC;
				TargetAttributes = {
					07D161861C3B8FC500EEFC9F = {
						CreatedOnToolsVersion = 7.1.1;
						DevelopmentTeam = 533BE66A65;
					};
					07D1619A1C3B8FC500EEFC9F = {
						CreatedOnToolsVersion = 7.1.1;
						DevelopmentTeam = 533BE66A65;
						TestTargetID = 07D161861C3B8FC500EEFC9F;
					};
				};
			};
			buildConfigurationList = 07D161821C3B8FC500EEFC9F /* Build configuration list for PBXProject "YiZe_DigitalMall" */;
			compatibilityVersion = "Xcode 3.2";
			developmentRegion = English;
			hasScannedForEncodings = 0;
			knownRegions = (
				en,
				Base,
			);
			mainGroup = 07D1617E1C3B8FC500EEFC9F;
			productRefGroup = 07D161881C3B8FC500EEFC9F /* Products */;
			projectDirPath = "";
			projectRoot = "";
			targets = (
				07D161861C3B8FC500EEFC9F /* YiZe_DigitalMall */,
				07D1619A1C3B8FC500EEFC9F /* YiZe_DigitalMallTests */,
			);
		};
/* End PBXProject section */

/* Begin PBXResourcesBuildPhase section */
		07D161851C3B8FC500EEFC9F /* Resources */ = {
			isa = PBXResourcesBuildPhase;
			buildActionMask = 2147483647;
			files = (
				07D161951C3B8FC500EEFC9F /* LaunchScreen.storyboard in Resources */,
				07F35A951C3C96760054D5D2 /* UserInfo.storyboard in Resources */,
				07F35B591C3CD41C0054D5D2 /* MJRefresh.bundle in Resources */,
				07D161921C3B8FC500EEFC9F /* Assets.xcassets in Resources */,
				07D161901C3B8FC500EEFC9F /* Main.storyboard in Resources */,
				07F35A9A1C3CA3FF0054D5D2 /* Search.storyboard in Resources */,
				07F35A931C3C95430054D5D2 /* Home.storyboard in Resources */,
			);
			runOnlyForDeploymentPostprocessing = 0;
		};
		07D161991C3B8FC500EEFC9F /* Resources */ = {
			isa = PBXResourcesBuildPhase;
			buildActionMask = 2147483647;
			files = (
			);
			runOnlyForDeploymentPostprocessing = 0;
		};
/* End PBXResourcesBuildPhase section */

/* Begin PBXSourcesBuildPhase section */
		07D161831C3B8FC500EEFC9F /* Sources */ = {
			isa = PBXSourcesBuildPhase;
			buildActionMask = 2147483647;
			files = (
				07D1618D1C3B8FC500EEFC9F /* ViewController.swift in Sources */,
				07F35B3C1C3CD06C0054D5D2 /* MKLayer.swift in Sources */,
				07F35B5D1C3CD41C0054D5D2 /* MJRefreshGifFooter.m in Sources */,
				07F35B5A1C3CD41C0054D5D2 /* MJRefreshComponent.m in Sources */,
				07F35B601C3CD41C0054D5D2 /* MJRefreshLegendFooter.m in Sources */,
				07F35B3A1C3CD06C0054D5D2 /* MKImageView.swift in Sources */,
				07F35B391C3CD06C0054D5D2 /* MKColor.swift in Sources */,
				07F35B621C3CD41C0054D5D2 /* UIScrollView+MJExtension.m in Sources */,
				07E276AA1C3B9CCB001DDC1A /* UserInfo.swift in Sources */,
				07F35B3E1C3CD06C0054D5D2 /* MKTextField.swift in Sources */,
				07F35B5C1C3CD41C0054D5D2 /* MJRefreshFooter.m in Sources */,
				07F35A8E1C3BAAE30054D5D2 /* GoodsInfo.swift in Sources */,
				07F35B5B1C3CD41C0054D5D2 /* MJRefreshConst.m in Sources */,
				07F35B5E1C3CD41C0054D5D2 /* MJRefreshGifHeader.m in Sources */,
				07F35A901C3BAE0D0054D5D2 /* GoodsCategory.swift in Sources */,
				07F35B611C3CD41C0054D5D2 /* MJRefreshLegendHeader.m in Sources */,
				07F35B641C3CD41C0054D5D2 /* UIView+MJExtension.m in Sources */,
				07F35A9E1C3CA9EF0054D5D2 /* HomeTableViewController.swift in Sources */,
				07F35B3B1C3CD06C0054D5D2 /* MKLabel.swift in Sources */,
				07F35B5F1C3CD41C0054D5D2 /* MJRefreshHeader.m in Sources */,
				07D1618B1C3B8FC500EEFC9F /* AppDelegate.swift in Sources */,
				07F35B631C3CD41C0054D5D2 /* UIScrollView+MJRefresh.m in Sources */,
				07F35B381C3CD06C0054D5D2 /* MKButton.swift in Sources */,
				07F35B3D1C3CD06C0054D5D2 /* MKTableViewCell.swift in Sources */,
				07F35A9C1C3CA9980054D5D2 /* HomeViewController.swift in Sources */,
			);
			runOnlyForDeploymentPostprocessing = 0;
		};
		07D161971C3B8FC500EEFC9F /* Sources */ = {
			isa = PBXSourcesBuildPhase;
			buildActionMask = 2147483647;
			files = (
				07D161A01C3B8FC500EEFC9F /* YiZe_DigitalMallTests.swift in Sources */,
			);
			runOnlyForDeploymentPostprocessing = 0;
		};
/* End PBXSourcesBuildPhase section */

/* Begin PBXTargetDependency section */
		07D1619D1C3B8FC500EEFC9F /* PBXTargetDependency */ = {
			isa = PBXTargetDependency;
			target = 07D161861C3B8FC500EEFC9F /* YiZe_DigitalMall */;
			targetProxy = 07D1619C1C3B8FC500EEFC9F /* PBXContainerItemProxy */;
		};
/* End PBXTargetDependency section */

/* Begin PBXVariantGroup section */
		07D1618E1C3B8FC500EEFC9F /* Main.storyboard */ = {
			isa = PBXVariantGroup;
			children = (
				07D1618F1C3B8FC500EEFC9F /* Base */,
			);
			name = Main.storyboard;
			sourceTree = "<group>";
		};
		07D161931C3B8FC500EEFC9F /* LaunchScreen.storyboard */ = {
			isa = PBXVariantGroup;
			children = (
				07D161941C3B8FC500EEFC9F /* Base */,
			);
			name = LaunchScreen.storyboard;
			sourceTree = "<group>";
		};
/* End PBXVariantGroup section */

/* Begin XCBuildConfiguration section */
		07D161A21C3B8FC500EEFC9F /* Debug */ = {
			isa = XCBuildConfiguration;
			buildSettings = {
				ALWAYS_SEARCH_USER_PATHS = NO;
				CLANG_CXX_LANGUAGE_STANDARD = "gnu++0x";
				CLANG_CXX_LIBRARY = "libc++";
				CLANG_ENABLE_MODULES = YES;
				CLANG_ENABLE_OBJC_ARC = YES;
				CLANG_WARN_BOOL_CONVERSION = YES;
				CLANG_WARN_CONSTANT_CONVERSION = YES;
				CLANG_WARN_DIRECT_OBJC_ISA_USAGE = YES_ERROR;
				CLANG_WARN_EMPTY_BODY = YES;
				CLANG_WARN_ENUM_CONVERSION = YES;
				CLANG_WARN_INT_CONVERSION = YES;
				CLANG_WARN_OBJC_ROOT_CLASS = YES_ERROR;
				CLANG_WARN_UNREACHABLE_CODE = YES;
				CLANG_WARN__DUPLICATE_METHOD_MATCH = YES;
				"CODE_SIGN_IDENTITY[sdk=iphoneos*]" = "iPhone Developer";
				COPY_PHASE_STRIP = NO;
				DEBUG_INFORMATION_FORMAT = dwarf;
				ENABLE_STRICT_OBJC_MSGSEND = YES;
				ENABLE_TESTABILITY = YES;
				GCC_C_LANGUAGE_STANDARD = gnu99;
				GCC_DYNAMIC_NO_PIC = NO;
				GCC_NO_COMMON_BLOCKS = YES;
				GCC_OPTIMIZATION_LEVEL = 0;
				GCC_PREPROCESSOR_DEFINITIONS = (
					"DEBUG=1",
					"$(inherited)",
				);
				GCC_WARN_64_TO_32_BIT_CONVERSION = YES;
				GCC_WARN_ABOUT_RETURN_TYPE = YES_ERROR;
				GCC_WARN_UNDECLARED_SELECTOR = YES;
				GCC_WARN_UNINITIALIZED_AUTOS = YES_AGGRESSIVE;
				GCC_WARN_UNUSED_FUNCTION = YES;
				GCC_WARN_UNUSED_VARIABLE = YES;
				IPHONEOS_DEPLOYMENT_TARGET = 9.1;
				MTL_ENABLE_DEBUG_INFO = YES;
				ONLY_ACTIVE_ARCH = YES;
				SDKROOT = iphoneos;
				SWIFT_OPTIMIZATION_LEVEL = "-Onone";
			};
			name = Debug;
		};
		07D161A31C3B8FC500EEFC9F /* Release */ = {
			isa = XCBuildConfiguration;
			buildSettings = {
				ALWAYS_SEARCH_USER_PATHS = NO;
				CLANG_CXX_LANGUAGE_STANDARD = "gnu++0x";
				CLANG_CXX_LIBRARY = "libc++";
				CLANG_ENABLE_MODULES = YES;
				CLANG_ENABLE_OBJC_ARC = YES;
				CLANG_WARN_BOOL_CONVERSION = YES;
				CLANG_WARN_CONSTANT_CONVERSION = YES;
				CLANG_WARN_DIRECT_OBJC_ISA_USAGE = YES_ERROR;
				CLANG_WARN_EMPTY_BODY = YES;
				CLANG_WARN_ENUM_CONVERSION = YES;
				CLANG_WARN_INT_CONVERSION = YES;
				CLANG_WARN_OBJC_ROOT_CLASS = YES_ERROR;
				CLANG_WARN_UNREACHABLE_CODE = YES;
				CLANG_WARN__DUPLICATE_METHOD_MATCH = YES;
				"CODE_SIGN_IDENTITY[sdk=iphoneos*]" = "iPhone Developer";
				COPY_PHASE_STRIP = NO;
				DEBUG_INFORMATION_FORMAT = "dwarf-with-dsym";
				ENABLE_NS_ASSERTIONS = NO;
				ENABLE_STRICT_OBJC_MSGSEND = YES;
				GCC_C_LANGUAGE_STANDARD = gnu99;
				GCC_NO_COMMON_BLOCKS = YES;
				GCC_WARN_64_TO_32_BIT_CONVERSION = YES;
				GCC_WARN_ABOUT_RETURN_TYPE = YES_ERROR;
				GCC_WARN_UNDECLARED_SELECTOR = YES;
				GCC_WARN_UNINITIALIZED_AUTOS = YES_AGGRESSIVE;
				GCC_WARN_UNUSED_FUNCTION = YES;
				GCC_WARN_UNUSED_VARIABLE = YES;
				IPHONEOS_DEPLOYMENT_TARGET = 9.1;
				MTL_ENABLE_DEBUG_INFO = NO;
				SDKROOT = iphoneos;
				VALIDATE_PRODUCT = YES;
			};
			name = Release;
		};
		07D161A51C3B8FC500EEFC9F /* Debug */ = {
			isa = XCBuildConfiguration;
			buildSettings = {
				ASSETCATALOG_COMPILER_APPICON_NAME = AppIcon;
				INFOPLIST_FILE = YiZe_DigitalMall/Info.plist;
				LD_RUNPATH_SEARCH_PATHS = "$(inherited) @executable_path/Frameworks";
				PRODUCT_BUNDLE_IDENTIFIER = "dmqlacgal.YiZe-DigitalMall";
				PRODUCT_NAME = "易泽数码商城";
				SWIFT_OBJC_BRIDGING_HEADER = YiZe_DigitalMall/bridging.h;
			};
			name = Debug;
		};
		07D161A61C3B8FC500EEFC9F /* Release */ = {
			isa = XCBuildConfiguration;
			buildSettings = {
				ASSETCATALOG_COMPILER_APPICON_NAME = AppIcon;
				INFOPLIST_FILE = YiZe_DigitalMall/Info.plist;
				LD_RUNPATH_SEARCH_PATHS = "$(inherited) @executable_path/Frameworks";
				PRODUCT_BUNDLE_IDENTIFIER = "dmqlacgal.YiZe-DigitalMall";
				PRODUCT_NAME = "易泽数码商城";
				SWIFT_OBJC_BRIDGING_HEADER = YiZe_DigitalMall/bridging.h;
			};
			name = Release;
		};
		07D161A81C3B8FC500EEFC9F /* Debug */ = {
			isa = XCBuildConfiguration;
			buildSettings = {
				BUNDLE_LOADER = "$(TEST_HOST)";
				INFOPLIST_FILE = YiZe_DigitalMallTests/Info.plist;
				LD_RUNPATH_SEARCH_PATHS = "$(inherited) @executable_path/Frameworks @loader_path/Frameworks";
				PRODUCT_BUNDLE_IDENTIFIER = "dmqlacgal.YiZe-DigitalMallTests";
				PRODUCT_NAME = "$(TARGET_NAME)";
				TEST_HOST = "$(BUILT_PRODUCTS_DIR)/YiZe_DigitalMall.app/YiZe_DigitalMall";
			};
			name = Debug;
		};
		07D161A91C3B8FC500EEFC9F /* Release */ = {
			isa = XCBuildConfiguration;
			buildSettings = {
				BUNDLE_LOADER = "$(TEST_HOST)";
				INFOPLIST_FILE = YiZe_DigitalMallTests/Info.plist;
				LD_RUNPATH_SEARCH_PATHS = "$(inherited) @executable_path/Frameworks @loader_path/Frameworks";
				PRODUCT_BUNDLE_IDENTIFIER = "dmqlacgal.YiZe-DigitalMallTests";
				PRODUCT_NAME = "$(TARGET_NAME)";
				TEST_HOST = "$(BUILT_PRODUCTS_DIR)/YiZe_DigitalMall.app/YiZe_DigitalMall";
			};
			name = Release;
		};
/* End XCBuildConfiguration section */

/* Begin XCConfigurationList section */
		07D161821C3B8FC500EEFC9F /* Build configuration list for PBXProject "YiZe_DigitalMall" */ = {
			isa = XCConfigurationList;
			buildConfigurations = (
				07D161A21C3B8FC500EEFC9F /* Debug */,
				07D161A31C3B8FC500EEFC9F /* Release */,
			);
			defaultConfigurationIsVisible = 0;
			defaultConfigurationName = Release;
		};
		07D161A41C3B8FC500EEFC9F /* Build configuration list for PBXNativeTarget "YiZe_DigitalMall" */ = {
			isa = XCConfigurationList;
			buildConfigurations = (
				07D161A51C3B8FC500EEFC9F /* Debug */,
				07D161A61C3B8FC500EEFC9F /* Release */,
			);
			defaultConfigurationIsVisible = 0;
			defaultConfigurationName = Release;
		};
		07D161A71C3B8FC500EEFC9F /* Build configuration list for PBXNativeTarget "YiZe_DigitalMallTests" */ = {
			isa = XCConfigurationList;
			buildConfigurations = (
				07D161A81C3B8FC500EEFC9F /* Debug */,
				07D161A91C3B8FC500EEFC9F /* Release */,
			);
			defaultConfigurationIsVisible = 0;
			defaultConfigurationName = Release;
		};
/* End XCConfigurationList section */
	};
	rootObject = 07D1617F1C3B8FC500EEFC9F /* Project object */;
}
