// !$*UTF8*$!
{
	archiveVersion = 1;
	classes = {
	};
	objectVersion = 46;
	objects = {

/* Begin PBXBuildFile section */
		07D1618B1C3B8FC500EEFC9F /* AppDelegate.swift in Sources */ = {isa = PBXBuildFile; fileRef = 07D1618A1C3B8FC500EEFC9F /* AppDelegate.swift */; };
		07D1618D1C3B8FC500EEFC9F /* ViewController.swift in Sources */ = {isa = PBXBuildFile; fileRef = 07D1618C1C3B8FC500EEFC9F /* ViewController.swift */; };
		07D161901C3B8FC500EEFC9F /* Main.storyboard in Resources */ = {isa = PBXBuildFile; fileRef = 07D1618E1C3B8FC500EEFC9F /* Main.storyboard */; };
		07D161921C3B8FC500EEFC9F /* Assets.xcassets in Resources */ = {isa = PBXBuildFile; fileRef = 07D161911C3B8FC500EEFC9F /* Assets.xcassets */; };
		07D161951C3B8FC500EEFC9F /* LaunchScreen.storyboard in Resources */ = {isa = PBXBuildFile; fileRef = 07D161931C3B8FC500EEFC9F /* LaunchScreen.storyboard */; };
		07D161A01C3B8FC500EEFC9F /* YiZe_DigitalMallTests.swift in Sources */ = {isa = PBXBuildFile; fileRef = 07D1619F1C3B8FC500EEFC9F /* YiZe_DigitalMallTests.swift */; };
/* End PBXBuildFile section */

/* Begin PBXContainerItemProxy section */
		07D1619C1C3B8FC500EEFC9F /* PBXContainerItemProxy */ = {
			isa = PBXContainerItemProxy;
			containerPortal = 07D1617F1C3B8FC500EEFC9F /* Project object */;
			proxyType = 1;
			remoteGlobalIDString = 07D161861C3B8FC500EEFC9F;
			remoteInfo = YiZe_DigitalMall;
		};
/* End PBXContainerItemProxy section */

/* Begin PBXFileReference section */
		07D161871C3B8FC500EEFC9F /* YiZe_DigitalMall.app */ = {isa = PBXFileReference; explicitFileType = wrapper.application; includeInIndex = 0; path = YiZe_DigitalMall.app; sourceTree = BUILT_PRODUCTS_DIR; };
		07D1618A1C3B8FC500EEFC9F /* AppDelegate.swift */ = {isa = PBXFileReference; lastKnownFileType = sourcecode.swift; path = AppDelegate.swift; sourceTree = "<group>"; };
		07D1618C1C3B8FC500EEFC9F /* ViewController.swift */ = {isa = PBXFileReference; lastKnownFileType = sourcecode.swift; path = ViewController.swift; sourceTree = "<group>"; };
		07D1618F1C3B8FC500EEFC9F /* Base */ = {isa = PBXFileReference; lastKnownFileType = file.storyboard; name = Base; path = Base.lproj/Main.storyboard; sourceTree = "<group>"; };
		07D161911C3B8FC500EEFC9F /* Assets.xcassets */ = {isa = PBXFileReference; lastKnownFileType = folder.assetcatalog; path = Assets.xcassets; sourceTree = "<group>"; };
		07D161941C3B8FC500EEFC9F /* Base */ = {isa = PBXFileReference; lastKnownFileType = file.storyboard; name = Base; path = Base.lproj/LaunchScreen.storyboard; sourceTree = "<group>"; };
		07D161961C3B8FC500EEFC9F /* Info.plist */ = {isa = PBXFileReference; lastKnownFileType = text.plist.xml; path = Info.plist; sourceTree = "<group>"; };
		07D1619B1C3B8FC500EEFC9F /* YiZe_DigitalMallTests.xctest */ = {isa = PBXFileReference; explicitFileType = wrapper.cfbundle; includeInIndex = 0; path = YiZe_DigitalMallTests.xctest; sourceTree = BUILT_PRODUCTS_DIR; };
		07D1619F1C3B8FC500EEFC9F /* YiZe_DigitalMallTests.swift */ = {isa = PBXFileReference; lastKnownFileType = sourcecode.swift; path = YiZe_DigitalMallTests.swift; sourceTree = "<group>"; };
		07D161A11C3B8FC500EEFC9F /* Info.plist */ = {isa = PBXFileReference; lastKnownFileType = text.plist.xml; path = Info.plist; sourceTree = "<group>"; };
/* End PBXFileReference section */

/* Begin PBXFrameworksBuildPhase section */
		07D161841C3B8FC500EEFC9F /* Frameworks */ = {
			isa = PBXFrameworksBuildPhase;
			buildActionMask = 2147483647;
			files = (
			);
			runOnlyForDeploymentPostprocessing = 0;
		};
		07D161981C3B8FC500EEFC9F /* Frameworks */ = {
			isa = PBXFrameworksBuildPhase;
			buildActionMask = 2147483647;
			files = (
			);
			runOnlyForDeploymentPostprocessing = 0;
		};
/* End PBXFrameworksBuildPhase section */

/* Begin PBXGroup section */
		07D1617E1C3B8FC500EEFC9F = {
			isa = PBXGroup;
			children = (
				07D161891C3B8FC500EEFC9F /* YiZe_DigitalMall */,
				07D1619E1C3B8FC500EEFC9F /* YiZe_DigitalMallTests */,
				07D161881C3B8FC500EEFC9F /* Products */,
			);
			sourceTree = "<group>";
		};
		07D161881C3B8FC500EEFC9F /* Products */ = {
			isa = PBXGroup;
			children = (
				07D161871C3B8FC500EEFC9F /* YiZe_DigitalMall.app */,
				07D1619B1C3B8FC500EEFC9F /* YiZe_DigitalMallTests.xctest */,
			);
			name = Products;
			sourceTree = "<group>";
		};
		07D161891C3B8FC500EEFC9F /* YiZe_DigitalMall */ = {
			isa = PBXGroup;
			children = (
				07D161AE1C3B92DB00EEFC9F /* NetMethod */,
				07D161AD1C3B92CB00EEFC9F /* Protocal */,
				07D161AC1C3B92B600EEFC9F /* Controller */,
				07D161AB1C3B92AB00EEFC9F /* View */,
				07D161AA1C3B928D00EEFC9F /* Model */,
				07D1618A1C3B8FC500EEFC9F /* AppDelegate.swift */,
				07D1618C1C3B8FC500EEFC9F /* ViewController.swift */,
				07D1618E1C3B8FC500EEFC9F /* Main.storyboard */,
				07D161911C3B8FC500EEFC9F /* Assets.xcassets */,
				07D161931C3B8FC500EEFC9F /* LaunchScreen.storyboard */,
				07D161961C3B8FC500EEFC9F /* Info.plist */,
			);
			path = YiZe_DigitalMall;
			sourceTree = "<group>";
		};
		07D1619E1C3B8FC500EEFC9F /* YiZe_DigitalMallTests */ = {
			isa = PBXGroup;
			children = (
				07D1619F1C3B8FC500EEFC9F /* YiZe_DigitalMallTests.swift */,
				07D161A11C3B8FC500EEFC9F /* Info.plist */,
			);
			path = YiZe_DigitalMallTests;
			sourceTree = "<group>";
		};
		07D161AA1C3B928D00EEFC9F /* Model */ = {
			isa = PBXGroup;
			children = (
			);
			name = Model;
			sourceTree = "<group>";
		};
		07D161AB1C3B92AB00EEFC9F /* View */ = {
			isa = PBXGroup;
			children = (
			);
			name = View;
			sourceTree = "<group>";
		};
		07D161AC1C3B92B600EEFC9F /* Controller */ = {
			isa = PBXGroup;
			children = (
			);
			name = Controller;
			sourceTree = "<group>";
		};
		07D161AD1C3B92CB00EEFC9F /* Protocal */ = {
			isa = PBXGroup;
			children = (
			);
			name = Protocal;
			sourceTree = "<group>";
		};
		07D161AE1C3B92DB00EEFC9F /* NetMethod */ = {
			isa = PBXGroup;
			children = (
			);
			name = NetMethod;
			sourceTree = "<group>";
		};
/* End PBXGroup section */

/* Begin PBXNativeTarget section */
		07D161861C3B8FC500EEFC9F /* YiZe_DigitalMall */ = {
			isa = PBXNativeTarget;
			buildConfigurationList = 07D161A41C3B8FC500EEFC9F /* Build configuration list for PBXNativeTarget "YiZe_DigitalMall" */;
			buildPhases = (
				07D161831C3B8FC500EEFC9F /* Sources */,
				07D161841C3B8FC500EEFC9F /* Frameworks */,
				07D161851C3B8FC500EEFC9F /* Resources */,
			);
			buildRules = (
			);
			dependencies = (
			);
			name = YiZe_DigitalMall;
			productName = YiZe_DigitalMall;
			productReference = 07D161871C3B8FC500EEFC9F /* YiZe_DigitalMall.app */;
			productType = "com.apple.product-type.application";
		};
		07D1619A1C3B8FC500EEFC9F /* YiZe_DigitalMallTests */ = {
			isa = PBXNativeTarget;
			buildConfigurationList = 07D161A71C3B8FC500EEFC9F /* Build configuration list for PBXNativeTarget "YiZe_DigitalMallTests" */;
			buildPhases = (
				07D161971C3B8FC500EEFC9F /* Sources */,
				07D161981C3B8FC500EEFC9F /* Frameworks */,
				07D161991C3B8FC500EEFC9F /* Resources */,
			);
			buildRules = (
			);
			dependencies = (
				07D1619D1C3B8FC500EEFC9F /* PBXTargetDependency */,
			);
			name = YiZe_DigitalMallTests;
			productName = YiZe_DigitalMallTests;
			productReference = 07D1619B1C3B8FC500EEFC9F /* YiZe_DigitalMallTests.xctest */;
			productType = "com.apple.product-type.bundle.unit-test";
		};
/* End PBXNativeTarget section */

/* Begin PBXProject section */
		07D1617F1C3B8FC500EEFC9F /* Project object */ = {
			isa = PBXProject;
			attributes = {
				LastSwiftUpdateCheck = 0710;
				LastUpgradeCheck = 0710;
				ORGANIZATIONNAME = dmqlMAC;
				TargetAttributes = {
					07D161861C3B8FC500EEFC9F = {
						CreatedOnToolsVersion = 7.1.1;
						DevelopmentTeam = 533BE66A65;
					};
					07D1619A1C3B8FC500EEFC9F = {
						CreatedOnToolsVersion = 7.1.1;
						DevelopmentTeam = 533BE66A65;
						TestTargetID = 07D161861C3B8FC500EEFC9F;
					};
				};
			};
			buildConfigurationList = 07D161821C3B8FC500EEFC9F /* Build configuration list for PBXProject "YiZe_DigitalMall" */;
			compatibilityVersion = "Xcode 3.2";
			developmentRegion = English;
			hasScannedForEncodings = 0;
			knownRegions = (
				en,
				Base,
			);
			mainGroup = 07D1617E1C3B8FC500EEFC9F;
			productRefGroup = 07D161881C3B8FC500EEFC9F /* Products */;
			projectDirPath = "";
			projectRoot = "";
			targets = (
				07D161861C3B8FC500EEFC9F /* YiZe_DigitalMall */,
				07D1619A1C3B8FC500EEFC9F /* YiZe_DigitalMallTests */,
			);
		};
/* End PBXProject section */

/* Begin PBXResourcesBuildPhase section */
		07D161851C3B8FC500EEFC9F /* Resources */ = {
			isa = PBXResourcesBuildPhase;
			buildActionMask = 2147483647;
			files = (
				07D161951C3B8FC500EEFC9F /* LaunchScreen.storyboard in Resources */,
				07D161921C3B8FC500EEFC9F /* Assets.xcassets in Resources */,
				07D161901C3B8FC500EEFC9F /* Main.storyboard in Resources */,
			);
			runOnlyForDeploymentPostprocessing = 0;
		};
		07D161991C3B8FC500EEFC9F /* Resources */ = {
			isa = PBXResourcesBuildPhase;
			buildActionMask = 2147483647;
			files = (
			);
			runOnlyForDeploymentPostprocessing = 0;
		};
/* End PBXResourcesBuildPhase section */

/* Begin PBXSourcesBuildPhase section */
		07D161831C3B8FC500EEFC9F /* Sources */ = {
			isa = PBXSourcesBuildPhase;
			buildActionMask = 2147483647;
			files = (
				07D1618D1C3B8FC500EEFC9F /* ViewController.swift in Sources */,
				07D1618B1C3B8FC500EEFC9F /* AppDelegate.swift in Sources */,
			);
			runOnlyForDeploymentPostprocessing = 0;
		};
		07D161971C3B8FC500EEFC9F /* Sources */ = {
			isa = PBXSourcesBuildPhase;
			buildActionMask = 2147483647;
			files = (
				07D161A01C3B8FC500EEFC9F /* YiZe_DigitalMallTests.swift in Sources */,
			);
			runOnlyForDeploymentPostprocessing = 0;
		};
/* End PBXSourcesBuildPhase section */

/* Begin PBXTargetDependency section */
		07D1619D1C3B8FC500EEFC9F /* PBXTargetDependency */ = {
			isa = PBXTargetDependency;
			target = 07D161861C3B8FC500EEFC9F /* YiZe_DigitalMall */;
			targetProxy = 07D1619C1C3B8FC500EEFC9F /* PBXContainerItemProxy */;
		};
/* End PBXTargetDependency section */

/* Begin PBXVariantGroup section */
		07D1618E1C3B8FC500EEFC9F /* Main.storyboard */ = {
			isa = PBXVariantGroup;
			children = (
				07D1618F1C3B8FC500EEFC9F /* Base */,
			);
			name = Main.storyboard;
			sourceTree = "<group>";
		};
		07D161931C3B8FC500EEFC9F /* LaunchScreen.storyboard */ = {
			isa = PBXVariantGroup;
			children = (
				07D161941C3B8FC500EEFC9F /* Base */,
			);
			name = LaunchScreen.storyboard;
			sourceTree = "<group>";
		};
/* End PBXVariantGroup section */

/* Begin XCBuildConfiguration section */
		07D161A21C3B8FC500EEFC9F /* Debug */ = {
			isa = XCBuildConfiguration;
			buildSettings = {
				ALWAYS_SEARCH_USER_PATHS = NO;
				CLANG_CXX_LANGUAGE_STANDARD = "gnu++0x";
				CLANG_CXX_LIBRARY = "libc++";
				CLANG_ENABLE_MODULES = YES;
				CLANG_ENABLE_OBJC_ARC = YES;
				CLANG_WARN_BOOL_CONVERSION = YES;
				CLANG_WARN_CONSTANT_CONVERSION = YES;
				CLANG_WARN_DIRECT_OBJC_ISA_USAGE = YES_ERROR;
				CLANG_WARN_EMPTY_BODY = YES;
				CLANG_WARN_ENUM_CONVERSION = YES;
				CLANG_WARN_INT_CONVERSION = YES;
				CLANG_WARN_OBJC_ROOT_CLASS = YES_ERROR;
				CLANG_WARN_UNREACHABLE_CODE = YES;
				CLANG_WARN__DUPLICATE_METHOD_MATCH = YES;
				"CODE_SIGN_IDENTITY[sdk=iphoneos*]" = "iPhone Developer";
				COPY_PHASE_STRIP = NO;
				DEBUG_INFORMATION_FORMAT = dwarf;
				ENABLE_STRICT_OBJC_MSGSEND = YES;
				ENABLE_TESTABILITY = YES;
				GCC_C_LANGUAGE_STANDARD = gnu99;
				GCC_DYNAMIC_NO_PIC = NO;
				GCC_NO_COMMON_BLOCKS = YES;
				GCC_OPTIMIZATION_LEVEL = 0;
				GCC_PREPROCESSOR_DEFINITIONS = (
					"DEBUG=1",
					"$(inherited)",
				);
				GCC_WARN_64_TO_32_BIT_CONVERSION = YES;
				GCC_WARN_ABOUT_RETURN_TYPE = YES_ERROR;
				GCC_WARN_UNDECLARED_SELECTOR = YES;
				GCC_WARN_UNINITIALIZED_AUTOS = YES_AGGRESSIVE;
				GCC_WARN_UNUSED_FUNCTION = YES;
				GCC_WARN_UNUSED_VARIABLE = YES;
				IPHONEOS_DEPLOYMENT_TARGET = 9.1;
				MTL_ENABLE_DEBUG_INFO = YES;
				ONLY_ACTIVE_ARCH = YES;
				SDKROOT = iphoneos;
				SWIFT_OPTIMIZATION_LEVEL = "-Onone";
			};
			name = Debug;
		};
		07D161A31C3B8FC500EEFC9F /* Release */ = {
			isa = XCBuildConfiguration;
			buildSettings = {
				ALWAYS_SEARCH_USER_PATHS = NO;
				CLANG_CXX_LANGUAGE_STANDARD = "gnu++0x";
				CLANG_CXX_LIBRARY = "libc++";
				CLANG_ENABLE_MODULES = YES;
				CLANG_ENABLE_OBJC_ARC = YES;
				CLANG_WARN_BOOL_CONVERSION = YES;
				CLANG_WARN_CONSTANT_CONVERSION = YES;
				CLANG_WARN_DIRECT_OBJC_ISA_USAGE = YES_ERROR;
				CLANG_WARN_EMPTY_BODY = YES;
				CLANG_WARN_ENUM_CONVERSION = YES;
				CLANG_WARN_INT_CONVERSION = YES;
				CLANG_WARN_OBJC_ROOT_CLASS = YES_ERROR;
				CLANG_WARN_UNREACHABLE_CODE = YES;
				CLANG_WARN__DUPLICATE_METHOD_MATCH = YES;
				"CODE_SIGN_IDENTITY[sdk=iphoneos*]" = "iPhone Developer";
				COPY_PHASE_STRIP = NO;
				DEBUG_INFORMATION_FORMAT = "dwarf-with-dsym";
				ENABLE_NS_ASSERTIONS = NO;
				ENABLE_STRICT_OBJC_MSGSEND = YES;
				GCC_C_LANGUAGE_STANDARD = gnu99;
				GCC_NO_COMMON_BLOCKS = YES;
				GCC_WARN_64_TO_32_BIT_CONVERSION = YES;
				GCC_WARN_ABOUT_RETURN_TYPE = YES_ERROR;
				GCC_WARN_UNDECLARED_SELECTOR = YES;
				GCC_WARN_UNINITIALIZED_AUTOS = YES_AGGRESSIVE;
				GCC_WARN_UNUSED_FUNCTION = YES;
				GCC_WARN_UNUSED_VARIABLE = YES;
				IPHONEOS_DEPLOYMENT_TARGET = 9.1;
				MTL_ENABLE_DEBUG_INFO = NO;
				SDKROOT = iphoneos;
				VALIDATE_PRODUCT = YES;
			};
			name = Release;
		};
		07D161A51C3B8FC500EEFC9F /* Debug */ = {
			isa = XCBuildConfiguration;
			buildSettings = {
				ASSETCATALOG_COMPILER_APPICON_NAME = AppIcon;
				INFOPLIST_FILE = YiZe_DigitalMall/Info.plist;
				LD_RUNPATH_SEARCH_PATHS = "$(inherited) @executable_path/Frameworks";
				PRODUCT_BUNDLE_IDENTIFIER = "dmqlacgal.YiZe-DigitalMall";
				PRODUCT_NAME = "$(TARGET_NAME)";
			};
			name = Debug;
		};
		07D161A61C3B8FC500EEFC9F /* Release */ = {
			isa = XCBuildConfiguration;
			buildSettings = {
				ASSETCATALOG_COMPILER_APPICON_NAME = AppIcon;
				INFOPLIST_FILE = YiZe_DigitalMall/Info.plist;
				LD_RUNPATH_SEARCH_PATHS = "$(inherited) @executable_path/Frameworks";
				PRODUCT_BUNDLE_IDENTIFIER = "dmqlacgal.YiZe-DigitalMall";
				PRODUCT_NAME = "$(TARGET_NAME)";
			};
			name = Release;
		};
		07D161A81C3B8FC500EEFC9F /* Debug */ = {
			isa = XCBuildConfiguration;
			buildSettings = {
				BUNDLE_LOADER = "$(TEST_HOST)";
				INFOPLIST_FILE = YiZe_DigitalMallTests/Info.plist;
				LD_RUNPATH_SEARCH_PATHS = "$(inherited) @executable_path/Frameworks @loader_path/Frameworks";
				PRODUCT_BUNDLE_IDENTIFIER = "dmqlacgal.YiZe-DigitalMallTests";
				PRODUCT_NAME = "$(TARGET_NAME)";
				TEST_HOST = "$(BUILT_PRODUCTS_DIR)/YiZe_DigitalMall.app/YiZe_DigitalMall";
			};
			name = Debug;
		};
		07D161A91C3B8FC500EEFC9F /* Release */ = {
			isa = XCBuildConfiguration;
			buildSettings = {
				BUNDLE_LOADER = "$(TEST_HOST)";
				INFOPLIST_FILE = YiZe_DigitalMallTests/Info.plist;
				LD_RUNPATH_SEARCH_PATHS = "$(inherited) @executable_path/Frameworks @loader_path/Frameworks";
				PRODUCT_BUNDLE_IDENTIFIER = "dmqlacgal.YiZe-DigitalMallTests";
				PRODUCT_NAME = "$(TARGET_NAME)";
				TEST_HOST = "$(BUILT_PRODUCTS_DIR)/YiZe_DigitalMall.app/YiZe_DigitalMall";
			};
			name = Release;
		};
/* End XCBuildConfiguration section */

/* Begin XCConfigurationList section */
		07D161821C3B8FC500EEFC9F /* Build configuration list for PBXProject "YiZe_DigitalMall" */ = {
			isa = XCConfigurationList;
			buildConfigurations = (
				07D161A21C3B8FC500EEFC9F /* Debug */,
				07D161A31C3B8FC500EEFC9F /* Release */,
			);
			defaultConfigurationIsVisible = 0;
			defaultConfigurationName = Release;
		};
		07D161A41C3B8FC500EEFC9F /* Build configuration list for PBXNativeTarget "YiZe_DigitalMall" */ = {
			isa = XCConfigurationList;
			buildConfigurations = (
				07D161A51C3B8FC500EEFC9F /* Debug */,
				07D161A61C3B8FC500EEFC9F /* Release */,
			);
			defaultConfigurationIsVisible = 0;
		};
		07D161A71C3B8FC500EEFC9F /* Build configuration list for PBXNativeTarget "YiZe_DigitalMallTests" */ = {
			isa = XCConfigurationList;
			buildConfigurations = (
				07D161A81C3B8FC500EEFC9F /* Debug */,
				07D161A91C3B8FC500EEFC9F /* Release */,
			);
			defaultConfigurationIsVisible = 0;
		};
/* End XCConfigurationList section */
	};
	rootObject = 07D1617F1C3B8FC500EEFC9F /* Project object */;
}
